
Microsoft Visual Studio Solution File, Format Version 12.00
# Visual Studio 14
VisualStudioVersion = 14.0.25123.0
MinimumVisualStudioVersion = 10.0.40219.1
Project("{8BC9CEB8-8B4A-11D0-8D11-00A0C91BC942}") = "LibGrass", "LibGrass\LibGrass.vcxproj", "{47D7B6AC-61BC-4831-9755-ABE3E9813D07}"
EndProject
Global
	GlobalSection(SolutionConfigurationPlatforms) = preSolution
		Debug|Win32 = Debug|Win32
		Debug|x64 = Debug|x64
		Debug|x86 = Debug|x86
		Release|Win32 = Release|Win32
		Release|x64 = Release|x64
		Release|x86 = Release|x86
	EndGlobalSection
	GlobalSection(ProjectConfigurationPlatforms) = postSolution
		{47D7B6AC-61BC-4831-9755-ABE3E9813D07}.Debug|Win32.ActiveCfg = Debug|Win32
		{47D7B6AC-61BC-4831-9755-ABE3E9813D07}.Debug|Win32.Build.0 = Debug|Win32
		{47D7B6AC-61BC-4831-9755-ABE3E9813D07}.Debug|x64.ActiveCfg = Debug|x64
		{47D7B6AC-61BC-4831-9755-ABE3E9813D07}.Debug|x64.Build.0 = Debug|x64
		{47D7B6AC-61BC-4831-9755-ABE3E9813D07}.Debug|x86.ActiveCfg = Debug|Win32
		{47D7B6AC-61BC-4831-9755-ABE3E9813D07}.Debug|x86.Build.0 = Debug|Win32
		{47D7B6AC-61BC-4831-9755-ABE3E9813D07}.Release|Win32.ActiveCfg = Release|Win32
		{47D7B6AC-61BC-4831-9755-ABE3E9813D07}.Release|Win32.Build.0 = Release|Win32
		{47D7B6AC-61BC-4831-9755-ABE3E9813D07}.Release|x64.ActiveCfg = Release|x64
		{47D7B6AC-61BC-4831-9755-ABE3E9813D07}.Release|x64.Build.0 = Release|x64
		{47D7B6AC-61BC-4831-9755-ABE3E9813D07}.Release|x86.ActiveCfg = Release|Win32
		{47D7B6AC-61BC-4831-9755-ABE3E9813D07}.Release|x86.Build.0 = Release|Win32
	EndGlobalSection
	GlobalSection(SolutionProperties) = preSolution
		HideSolutionNode = FALSE
	EndGlobalSection
EndGlobal
